
Microsoft Visual Studio Solution File, Format Version 12.00
# Visual Studio Version 16
VisualStudioVersion = 16.0.28902.138
MinimumVisualStudioVersion = 10.0.40219.1
Project("{2150E333-8FDC-42A3-9474-1A3956D46DE8}") = "Src", "Src", "{E8F8A632-7661-483B-AD71-34366BDB0762}"
EndProject
Project("{2150E333-8FDC-42A3-9474-1A3956D46DE8}") = "Tests", "Tests", "{097209B8-4F1F-4B29-A27A-F9ABD1427496}"
EndProject
Project("{2150E333-8FDC-42A3-9474-1A3956D46DE8}") = "Docs", "Docs", "{B7CFF8C6-C324-4D00-A3B8-EDD9B4A00FBA}"
	ProjectSection(SolutionItems) = preProject
		..\..\..\Downloads\Subaru SSO Upgrade - Application architecture - WIP.docx = ..\..\..\Downloads\Subaru SSO Upgrade - Application architecture - WIP.docx
	EndProjectSection
EndProject
Project("{2150E333-8FDC-42A3-9474-1A3956D46DE8}") = "Core", "Core", "{6EEB7331-C5E9-4F98-B447-65F26C987F5F}"
EndProject
Project("{2150E333-8FDC-42A3-9474-1A3956D46DE8}") = "Presentation", "Presentation", "{D4550D88-9C70-4200-A248-E75C97911335}"
EndProject
Project("{2150E333-8FDC-42A3-9474-1A3956D46DE8}") = "Infrastructue", "Infrastructue", "{C4BBC6AD-36EC-401E-A196-6AEC512545B6}"
EndProject
Project("{9A19103F-16F7-4668-BE54-9A1E7A4F7556}") = "Subaru.Application", "Subaru.Application\Subaru.Application.csproj", "{39FF6106-3C49-4AC2-B07F-16DA24CCBAB7}"
EndProject
Project("{9A19103F-16F7-4668-BE54-9A1E7A4F7556}") = "Subaru.Application.Tests", "Subaru.Application.Tests\Subaru.Application.Tests.csproj", "{4F4AFB73-8005-45D1-8AC0-B5F25DD568D9}"
EndProject
Project("{9A19103F-16F7-4668-BE54-9A1E7A4F7556}") = "Subaru.Domain.Tests", "Subaru.Domain.Tests\Subaru.Domain.Tests.csproj", "{70EBDEE6-13E7-424F-B358-FD97182B23C3}"
EndProject
Project("{2150E333-8FDC-42A3-9474-1A3956D46DE8}") = "Common", "Common", "{8D919CB9-444F-4D28-9B5C-5BFC6B571701}"
EndProject
Project("{9A19103F-16F7-4668-BE54-9A1E7A4F7556}") = "Subaru.Domain", "Subaru.Domain\Subaru.Domain.csproj", "{00926EA7-488D-4217-B780-ABB7086C875F}"
EndProject
Project("{9A19103F-16F7-4668-BE54-9A1E7A4F7556}") = "Subaru.WebUI", "Subaru.WebUI\Subaru.WebUI.csproj", "{5C494FC3-C0D2-4AB6-9C72-FB76B6E0ECB6}"
EndProject
Global
	GlobalSection(SolutionConfigurationPlatforms) = preSolution
		Debug|Any CPU = Debug|Any CPU
		Release|Any CPU = Release|Any CPU
	EndGlobalSection
	GlobalSection(ProjectConfigurationPlatforms) = postSolution
		{39FF6106-3C49-4AC2-B07F-16DA24CCBAB7}.Debug|Any CPU.ActiveCfg = Debug|Any CPU
		{39FF6106-3C49-4AC2-B07F-16DA24CCBAB7}.Debug|Any CPU.Build.0 = Debug|Any CPU
		{39FF6106-3C49-4AC2-B07F-16DA24CCBAB7}.Release|Any CPU.ActiveCfg = Release|Any CPU
		{39FF6106-3C49-4AC2-B07F-16DA24CCBAB7}.Release|Any CPU.Build.0 = Release|Any CPU
		{4F4AFB73-8005-45D1-8AC0-B5F25DD568D9}.Debug|Any CPU.ActiveCfg = Debug|Any CPU
		{4F4AFB73-8005-45D1-8AC0-B5F25DD568D9}.Debug|Any CPU.Build.0 = Debug|Any CPU
		{4F4AFB73-8005-45D1-8AC0-B5F25DD568D9}.Release|Any CPU.ActiveCfg = Release|Any CPU
		{4F4AFB73-8005-45D1-8AC0-B5F25DD568D9}.Release|Any CPU.Build.0 = Release|Any CPU
		{70EBDEE6-13E7-424F-B358-FD97182B23C3}.Debug|Any CPU.ActiveCfg = Debug|Any CPU
		{70EBDEE6-13E7-424F-B358-FD97182B23C3}.Debug|Any CPU.Build.0 = Debug|Any CPU
		{70EBDEE6-13E7-424F-B358-FD97182B23C3}.Release|Any CPU.ActiveCfg = Release|Any CPU
		{70EBDEE6-13E7-424F-B358-FD97182B23C3}.Release|Any CPU.Build.0 = Release|Any CPU
		{00926EA7-488D-4217-B780-ABB7086C875F}.Debug|Any CPU.ActiveCfg = Debug|Any CPU
		{00926EA7-488D-4217-B780-ABB7086C875F}.Debug|Any CPU.Build.0 = Debug|Any CPU
		{00926EA7-488D-4217-B780-ABB7086C875F}.Release|Any CPU.ActiveCfg = Release|Any CPU
		{00926EA7-488D-4217-B780-ABB7086C875F}.Release|Any CPU.Build.0 = Release|Any CPU
		{5C494FC3-C0D2-4AB6-9C72-FB76B6E0ECB6}.Debug|Any CPU.ActiveCfg = Debug|Any CPU
		{5C494FC3-C0D2-4AB6-9C72-FB76B6E0ECB6}.Debug|Any CPU.Build.0 = Debug|Any CPU
		{5C494FC3-C0D2-4AB6-9C72-FB76B6E0ECB6}.Release|Any CPU.ActiveCfg = Release|Any CPU
		{5C494FC3-C0D2-4AB6-9C72-FB76B6E0ECB6}.Release|Any CPU.Build.0 = Release|Any CPU
	EndGlobalSection
	GlobalSection(SolutionProperties) = preSolution
		HideSolutionNode = FALSE
	EndGlobalSection
	GlobalSection(NestedProjects) = preSolution
		{6EEB7331-C5E9-4F98-B447-65F26C987F5F} = {E8F8A632-7661-483B-AD71-34366BDB0762}
		{D4550D88-9C70-4200-A248-E75C97911335} = {E8F8A632-7661-483B-AD71-34366BDB0762}
		{C4BBC6AD-36EC-401E-A196-6AEC512545B6} = {E8F8A632-7661-483B-AD71-34366BDB0762}
		{39FF6106-3C49-4AC2-B07F-16DA24CCBAB7} = {6EEB7331-C5E9-4F98-B447-65F26C987F5F}
		{4F4AFB73-8005-45D1-8AC0-B5F25DD568D9} = {097209B8-4F1F-4B29-A27A-F9ABD1427496}
		{70EBDEE6-13E7-424F-B358-FD97182B23C3} = {097209B8-4F1F-4B29-A27A-F9ABD1427496}
		{8D919CB9-444F-4D28-9B5C-5BFC6B571701} = {E8F8A632-7661-483B-AD71-34366BDB0762}
		{00926EA7-488D-4217-B780-ABB7086C875F} = {6EEB7331-C5E9-4F98-B447-65F26C987F5F}
		{5C494FC3-C0D2-4AB6-9C72-FB76B6E0ECB6} = {D4550D88-9C70-4200-A248-E75C97911335}
	EndGlobalSection
	GlobalSection(ExtensibilityGlobals) = postSolution
		SolutionGuid = {F0BFD66A-FFBE-4174-842F-EBA5C74992C8}
	EndGlobalSection
EndGlobal
